Microsoft Visual Studio Solution File, Format Version 12.00
# Visual Studio 2012
Project("{FAE04EC0-301F-11D3-BF4B-00C04F79EFBC}") = "Quick Tutorials", "Quick Tutorials.csproj", "{0F9C6176-2699-431E-BE71-A97C8035F0FE}"
EndProject
Global
	GlobalSection(SolutionConfigurationPlatforms) = preSolution
	Debug|Any CPU = Debug|Any CPU
	ExportDebug|Any CPU = ExportDebug|Any CPU
	ExportRelease|Any CPU = ExportRelease|Any CPU
	EndGlobalSection
	GlobalSection(ProjectConfigurationPlatforms) = postSolution
		{0F9C6176-2699-431E-BE71-A97C8035F0FE}.Debug|Any CPU.ActiveCfg = Debug|Any CPU
		{0F9C6176-2699-431E-BE71-A97C8035F0FE}.Debug|Any CPU.Build.0 = Debug|Any CPU
		{0F9C6176-2699-431E-BE71-A97C8035F0FE}.ExportDebug|Any CPU.ActiveCfg = ExportDebug|Any CPU
		{0F9C6176-2699-431E-BE71-A97C8035F0FE}.ExportDebug|Any CPU.Build.0 = ExportDebug|Any CPU
		{0F9C6176-2699-431E-BE71-A97C8035F0FE}.ExportRelease|Any CPU.ActiveCfg = ExportRelease|Any CPU
		{0F9C6176-2699-431E-BE71-A97C8035F0FE}.ExportRelease|Any CPU.Build.0 = ExportRelease|Any CPU
	EndGlobalSection
EndGlobal
